{
  "name": "donut-app",
  "version": "0.1.0",
  "lockfileVersion": 1,
  "requires": true,
  "dependencies": {
    "@babel/runtime": {
      "version": "7.13.10",
      "resolved": "https://registry.npm.taobao.org/@babel/runtime/download/@babel/runtime-7.13.10.tgz?cache=0&sync_timestamp=1615243551514&other_urls=https%3A%2F%2Fregistry.npm.taobao.org%2F%40babel%2Fruntime%2Fdownload%2F%40babel%2Fruntime-7.13.10.tgz",
      "integrity": "sha1-R9QqV7YJX0Ro2kQDiP262L6/DX0=",
      "requires": {
        "regenerator-runtime": "^0.13.4"
      }
    },
    "@polkadot/api": {
      "version": "4.0.3",
      "resolved": "https://registry.npm.taobao.org/@polkadot/api/download/@polkadot/api-4.0.3.tgz",
      "integrity": "sha1-4+EatjQfhFYsKWd/udFNSZxqqJI=",
      "requires": {
        "@babel/runtime": "^7.13.9",
        "@polkadot/api-derive": "4.0.3",
        "@polkadot/keyring": "^6.0.5",
        "@polkadot/metadata": "4.0.3",
        "@polkadot/rpc-core": "4.0.3",
        "@polkadot/rpc-provider": "4.0.3",
        "@polkadot/types": "4.0.3",
        "@polkadot/types-known": "4.0.3",
        "@polkadot/util": "^6.0.5",
        "@polkadot/util-crypto": "^6.0.5",
        "@polkadot/x-rxjs": "^6.0.5",
        "bn.js": "^4.11.9",
        "eventemitter3": "^4.0.7"
      },
      "dependencies": {
        "bn.js": {
          "version": "4.12.0",
          "resolved": "https://registry.npm.taobao.org/bn.js/download/bn.js-4.12.0.tgz",
          "integrity": "sha1-d1s/J477uXGO7HNh9IP7Nvu/6og="
        }
      }
    },
    "@polkadot/api-derive": {
      "version": "4.0.3",
      "resolved": "https://registry.npm.taobao.org/@polkadot/api-derive/download/@polkadot/api-derive-4.0.3.tgz",
      "integrity": "sha1-VC2HHYTGT5J1ZdZV6rzg7CuReko=",
      "requires": {
        "@babel/runtime": "^7.13.9",
        "@polkadot/api": "4.0.3",
        "@polkadot/rpc-core": "4.0.3",
        "@polkadot/types": "4.0.3",
        "@polkadot/util": "^6.0.5",
        "@polkadot/util-crypto": "^6.0.5",
        "@polkadot/x-rxjs": "^6.0.5",
        "bn.js": "^4.11.9"
      },
      "dependencies": {
        "bn.js": {
          "version": "4.12.0",
          "resolved": "https://registry.npm.taobao.org/bn.js/download/bn.js-4.12.0.tgz",
          "integrity": "sha1-d1s/J477uXGO7HNh9IP7Nvu/6og="
        }
      }
    },
    "@polkadot/keyring": {
      "version": "6.0.5",
      "resolved": "https://registry.npm.taobao.org/@polkadot/keyring/download/@polkadot/keyring-6.0.5.tgz",
      "integrity": "sha1-toTzVEdulsZXp+jT5fDAkOEXizE=",
      "requires": {
        "@babel/runtime": "^7.13.9",
        "@polkadot/util": "6.0.5",
        "@polkadot/util-crypto": "6.0.5"
      }
    },
    "@polkadot/metadata": {
      "version": "4.0.3",
      "resolved": "https://registry.npm.taobao.org/@polkadot/metadata/download/@polkadot/metadata-4.0.3.tgz",
      "integrity": "sha1-8Me2P40PQNj4EhiElhPzXty4FXs=",
      "requires": {
        "@babel/runtime": "^7.13.9",
        "@polkadot/types": "4.0.3",
        "@polkadot/types-known": "4.0.3",
        "@polkadot/util": "^6.0.5",
        "@polkadot/util-crypto": "^6.0.5",
        "bn.js": "^4.11.9"
      },
      "dependencies": {
        "bn.js": {
          "version": "4.12.0",
          "resolved": "https://registry.npm.taobao.org/bn.js/download/bn.js-4.12.0.tgz",
          "integrity": "sha1-d1s/J477uXGO7HNh9IP7Nvu/6og="
        }
      }
    },
    "@polkadot/networks": {
      "version": "6.0.5",
      "resolved": "https://registry.npm.taobao.org/@polkadot/networks/download/@polkadot/networks-6.0.5.tgz",
      "integrity": "sha1-NicROOsrG315Ri+olUTRuQ+ncBA=",
      "requires": {
        "@babel/runtime": "^7.13.9"
      }
    },
    "@polkadot/rpc-core": {
      "version": "4.0.3",
      "resolved": "https://registry.npm.taobao.org/@polkadot/rpc-core/download/@polkadot/rpc-core-4.0.3.tgz",
      "integrity": "sha1-QARqzZYdkl72lTJpT0hDfHvO7ww=",
      "requires": {
        "@babel/runtime": "^7.13.9",
        "@polkadot/metadata": "4.0.3",
        "@polkadot/rpc-provider": "4.0.3",
        "@polkadot/types": "4.0.3",
        "@polkadot/util": "^6.0.5",
        "@polkadot/x-rxjs": "^6.0.5"
      }
    },
    "@polkadot/rpc-provider": {
      "version": "4.0.3",
      "resolved": "https://registry.npm.taobao.org/@polkadot/rpc-provider/download/@polkadot/rpc-provider-4.0.3.tgz",
      "integrity": "sha1-VdPof/Q54pCCkvrIC8vYJEKR8oM=",
      "requires": {
        "@babel/runtime": "^7.13.9",
        "@polkadot/types": "4.0.3",
        "@polkadot/util": "^6.0.5",
        "@polkadot/util-crypto": "^6.0.5",
        "@polkadot/x-fetch": "^6.0.5",
        "@polkadot/x-global": "^6.0.5",
        "@polkadot/x-ws": "^6.0.5",
        "bn.js": "^4.11.9",
        "eventemitter3": "^4.0.7"
      },
      "dependencies": {
        "bn.js": {
          "version": "4.12.0",
          "resolved": "https://registry.npm.taobao.org/bn.js/download/bn.js-4.12.0.tgz",
          "integrity": "sha1-d1s/J477uXGO7HNh9IP7Nvu/6og="
        }
      }
    },
    "@polkadot/types": {
      "version": "4.0.3",
      "resolved": "https://registry.npm.taobao.org/@polkadot/types/download/@polkadot/types-4.0.3.tgz",
      "integrity": "sha1-gGQLECtYXHlxxxFt9qI7yxN5qjE=",
      "requires": {
        "@babel/runtime": "^7.13.9",
        "@polkadot/metadata": "4.0.3",
        "@polkadot/util": "^6.0.5",
        "@polkadot/util-crypto": "^6.0.5",
        "@polkadot/x-rxjs": "^6.0.5",
        "@types/bn.js": "^4.11.6",
        "bn.js": "^4.11.9"
      },
      "dependencies": {
        "bn.js": {
          "version": "4.12.0",
          "resolved": "https://registry.npm.taobao.org/bn.js/download/bn.js-4.12.0.tgz",
          "integrity": "sha1-d1s/J477uXGO7HNh9IP7Nvu/6og="
        }
      }
    },
    "@polkadot/types-known": {
      "version": "4.0.3",
      "resolved": "https://registry.npm.taobao.org/@polkadot/types-known/download/@polkadot/types-known-4.0.3.tgz",
      "integrity": "sha1-4aOck41bkcF161SKWGvealISBbI=",
      "requires": {
        "@babel/runtime": "^7.13.9",
        "@polkadot/networks": "^6.0.5",
        "@polkadot/types": "4.0.3",
        "@polkadot/util": "^6.0.5",
        "bn.js": "^4.11.9"
      },
      "dependencies": {
        "bn.js": {
          "version": "4.12.0",
          "resolved": "https://registry.npm.taobao.org/bn.js/download/bn.js-4.12.0.tgz",
          "integrity": "sha1-d1s/J477uXGO7HNh9IP7Nvu/6og="
        }
      }
    },
    "@polkadot/util": {
      "version": "6.0.5",
      "resolved": "https://registry.npm.taobao.org/@polkadot/util/download/@polkadot/util-6.0.5.tgz",
      "integrity": "sha1-qlKZXT/pmO7SGNJrJDgyp6PilE0=",
      "requires": {
        "@babel/runtime": "^7.13.9",
        "@polkadot/x-textdecoder": "6.0.5",
        "@polkadot/x-textencoder": "6.0.5",
        "@types/bn.js": "^4.11.6",
        "bn.js": "^4.11.9",
        "camelcase": "^5.3.1",
        "ip-regex": "^4.3.0"
      },
      "dependencies": {
        "bn.js": {
          "version": "4.12.0",
          "resolved": "https://registry.npm.taobao.org/bn.js/download/bn.js-4.12.0.tgz",
          "integrity": "sha1-d1s/J477uXGO7HNh9IP7Nvu/6og="
        }
      }
    },
    "@polkadot/util-crypto": {
      "version": "6.0.5",
      "resolved": "https://registry.npm.taobao.org/@polkadot/util-crypto/download/@polkadot/util-crypto-6.0.5.tgz",
      "integrity": "sha1-NH6ivwUdNAh3ZstDAEBiNYzUOAA=",
      "requires": {
        "@babel/runtime": "^7.13.9",
        "@polkadot/networks": "6.0.5",
        "@polkadot/util": "6.0.5",
        "@polkadot/wasm-crypto": "^4.0.2",
        "@polkadot/x-randomvalues": "6.0.5",
        "base-x": "^3.0.8",
        "base64-js": "^1.5.1",
        "blakejs": "^1.1.0",
        "bn.js": "^4.11.9",
        "create-hash": "^1.2.0",
        "elliptic": "^6.5.4",
        "hash.js": "^1.1.7",
        "js-sha3": "^0.8.0",
        "scryptsy": "^2.1.0",
        "tweetnacl": "^1.0.3",
        "xxhashjs": "^0.2.2"
      },
      "dependencies": {
        "bn.js": {
          "version": "4.12.0",
          "resolved": "https://registry.npm.taobao.org/bn.js/download/bn.js-4.12.0.tgz",
          "integrity": "sha1-d1s/J477uXGO7HNh9IP7Nvu/6og="
        }
      }
    },
    "@polkadot/wasm-crypto": {
      "version": "4.0.2",
      "resolved": "https://registry.npm.taobao.org/@polkadot/wasm-crypto/download/@polkadot/wasm-crypto-4.0.2.tgz?cache=0&sync_timestamp=1615219337087&other_urls=https%3A%2F%2Fregistry.npm.taobao.org%2F%40polkadot%2Fwasm-crypto%2Fdownload%2F%40polkadot%2Fwasm-crypto-4.0.2.tgz",
      "integrity": "sha1-lkkFet7oODzIZDPRB7pSa3GMWjs=",
      "requires": {
        "@babel/runtime": "^7.13.9",
        "@polkadot/wasm-crypto-asmjs": "^4.0.2",
        "@polkadot/wasm-crypto-wasm": "^4.0.2"
      }
    },
    "@polkadot/wasm-crypto-asmjs": {
      "version": "4.0.2",
      "resolved": "https://registry.npm.taobao.org/@polkadot/wasm-crypto-asmjs/download/@polkadot/wasm-crypto-asmjs-4.0.2.tgz?cache=0&sync_timestamp=1615219315830&other_urls=https%3A%2F%2Fregistry.npm.taobao.org%2F%40polkadot%2Fwasm-crypto-asmjs%2Fdownload%2F%40polkadot%2Fwasm-crypto-asmjs-4.0.2.tgz",
      "integrity": "sha1-9Cw1OmThJDhB2vkOS9VO/wGk488=",
      "requires": {
        "@babel/runtime": "^7.13.9"
      }
    },
    "@polkadot/wasm-crypto-wasm": {
      "version": "4.0.2",
      "resolved": "https://registry.npm.taobao.org/@polkadot/wasm-crypto-wasm/download/@polkadot/wasm-crypto-wasm-4.0.2.tgz?cache=0&sync_timestamp=1615219320424&other_urls=https%3A%2F%2Fregistry.npm.taobao.org%2F%40polkadot%2Fwasm-crypto-wasm%2Fdownload%2F%40polkadot%2Fwasm-crypto-wasm-4.0.2.tgz",
      "integrity": "sha1-ifngoeTQdnhNSkK+o3/IsGvdi7Y=",
      "requires": {
        "@babel/runtime": "^7.13.9"
      }
    },
    "@polkadot/x-fetch": {
      "version": "6.0.5",
      "resolved": "https://registry.npm.taobao.org/@polkadot/x-fetch/download/@polkadot/x-fetch-6.0.5.tgz",
      "integrity": "sha1-tskMR4+ZUasfnINdSIacZpxFEg4=",
      "requires": {
        "@babel/runtime": "^7.13.9",
        "@polkadot/x-global": "6.0.5",
        "@types/node-fetch": "^2.5.8",
        "node-fetch": "^2.6.1"
      }
    },
    "@polkadot/x-global": {
      "version": "6.0.5",
      "resolved": "https://registry.npm.taobao.org/@polkadot/x-global/download/@polkadot/x-global-6.0.5.tgz",
      "integrity": "sha1-6yoJgOTCAS8lHnthgy4YX1A3roA=",
      "requires": {
        "@babel/runtime": "^7.13.9",
        "@types/node-fetch": "^2.5.8",
        "node-fetch": "^2.6.1"
      }
    },
    "@polkadot/x-randomvalues": {
      "version": "6.0.5",
      "resolved": "https://registry.npm.taobao.org/@polkadot/x-randomvalues/download/@polkadot/x-randomvalues-6.0.5.tgz",
      "integrity": "sha1-MqpeZwrPOrE68oH5wIccJ53iSwo=",
      "requires": {
        "@babel/runtime": "^7.13.9",
        "@polkadot/x-global": "6.0.5"
      }
    },
    "@polkadot/x-rxjs": {
      "version": "6.0.5",
      "resolved": "https://registry.npm.taobao.org/@polkadot/x-rxjs/download/@polkadot/x-rxjs-6.0.5.tgz",
      "integrity": "sha1-gpsS8iWkJSrhbkBf54dszjkOq9Y=",
      "requires": {
        "@babel/runtime": "^7.13.9",
        "rxjs": "^6.6.6"
      }
    },
    "@polkadot/x-textdecoder": {
      "version": "6.0.5",
      "resolved": "https://registry.npm.taobao.org/@polkadot/x-textdecoder/download/@polkadot/x-textdecoder-6.0.5.tgz",
      "integrity": "sha1-kZqJkcnoFhCjxPa/MUMxBx8vg0U=",
      "requires": {
        "@babel/runtime": "^7.13.9",
        "@polkadot/x-global": "6.0.5"
      }
    },
    "@polkadot/x-textencoder": {
      "version": "6.0.5",
      "resolved": "https://registry.npm.taobao.org/@polkadot/x-textencoder/download/@polkadot/x-textencoder-6.0.5.tgz",
      "integrity": "sha1-/IUSWd6XqY80F+UYB8H16+Jl/fA=",
      "requires": {
        "@babel/runtime": "^7.13.9",
        "@polkadot/x-global": "6.0.5"
      }
    },
    "@polkadot/x-ws": {
      "version": "6.0.5",
      "resolved": "https://registry.npm.taobao.org/@polkadot/x-ws/download/@polkadot/x-ws-6.0.5.tgz",
      "integrity": "sha1-uvq2AE2I2Sc0eDMqOgQL/vNkdhk=",
      "requires": {
        "@babel/runtime": "^7.13.9",
        "@polkadot/x-global": "6.0.5",
        "@types/websocket": "^1.0.2",
        "websocket": "^1.0.33"
      }
    },
    "@types/bn.js": {
      "version": "4.11.6",
      "resolved": "https://registry.npm.taobao.org/@types/bn.js/download/@types/bn.js-4.11.6.tgz",
      "integrity": "sha1-wwbHDZNYquozzU7aCSp0K5UFlnw=",
      "requires": {
        "@types/node": "*"
      }
    },
    "@types/node": {
      "version": "14.14.33",
      "resolved": "https://registry.npm.taobao.org/@types/node/download/@types/node-14.14.33.tgz",
      "integrity": "sha1-nk+MZDRVIuToznezNKiqpk4rbHg="
    },
    "@types/node-fetch": {
      "version": "2.5.8",
      "resolved": "https://registry.npm.taobao.org/@types/node-fetch/download/@types/node-fetch-2.5.8.tgz",
      "integrity": "sha1-4ZnINdI0x+sIRvZhgBLlWFRO4vs=",
      "requires": {
        "@types/node": "*",
        "form-data": "^3.0.0"
      }
    },
    "@types/websocket": {
      "version": "1.0.2",
      "resolved": "https://registry.npm.taobao.org/@types/websocket/download/@types/websocket-1.0.2.tgz?cache=0&sync_timestamp=1615126115054&other_urls=https%3A%2F%2Fregistry.npm.taobao.org%2F%40types%2Fwebsocket%2Fdownload%2F%40types%2Fwebsocket-1.0.2.tgz",
      "integrity": "sha1-0oVcajErfac+0WumeBgVvzDGGHo=",
      "requires": {
        "@types/node": "*"
      }
    },
    "asynckit": {
      "version": "0.4.0",
      "resolved": "https://registry.npm.taobao.org/asynckit/download/asynckit-0.4.0.tgz",
      "integrity": "sha1-x57Zf380y48robyXkLzDZkdLS3k="
    },
    "base-x": {
      "version": "3.0.8",
      "resolved": "https://registry.npm.taobao.org/base-x/download/base-x-3.0.8.tgz",
      "integrity": "sha1-HhEGwlN/AWLotSR0pVfrsJAAAY0=",
      "requires": {
        "safe-buffer": "^5.0.1"
      }
    },
    "base64-js": {
      "version": "1.5.1",
      "resolved": "https://registry.npm.taobao.org/base64-js/download/base64-js-1.5.1.tgz?cache=0&other_urls=https%3A%2F%2Fregistry.npm.taobao.org%2Fbase64-js%2Fdownload%2Fbase64-js-1.5.1.tgz",
      "integrity": "sha1-GxtEAWClv3rUC2UPCVljSBkDkwo="
    },
    "blakejs": {
      "version": "1.1.0",
      "resolved": "https://registry.npm.taobao.org/blakejs/download/blakejs-1.1.0.tgz",
      "integrity": "sha1-ad+S75U6qIylGjLfarHFShVfx6U="
    },
    "bn.js": {
      "version": "5.2.0",
      "resolved": "https://registry.npm.taobao.org/bn.js/download/bn.js-5.2.0.tgz",
      "integrity": "sha1-NYhgZ0OWxpl3canQUfzBtX1K4AI="
    },
    "brorand": {
      "version": "1.1.0",
      "resolved": "https://registry.npm.taobao.org/brorand/download/brorand-1.1.0.tgz",
      "integrity": "sha1-EsJe/kCkXjwyPrhnWgoM5XsiNx8="
    },
    "bufferutil": {
      "version": "4.0.3",
      "resolved": "https://registry.npm.taobao.org/bufferutil/download/bufferutil-4.0.3.tgz",
      "integrity": "sha1-ZnJLdWvtI818KMTTBteZT5lDzGs=",
      "requires": {
        "node-gyp-build": "^4.2.0"
      }
    },
    "camelcase": {
      "version": "5.3.1",
      "resolved": "https://registry.npm.taobao.org/camelcase/download/camelcase-5.3.1.tgz?cache=0&sync_timestamp=1603921882890&other_urls=https%3A%2F%2Fregistry.npm.taobao.org%2Fcamelcase%2Fdownload%2Fcamelcase-5.3.1.tgz",
      "integrity": "sha1-48mzFWnhBoEd8kL3FXJaH0xJQyA="
    },
    "cipher-base": {
      "version": "1.0.4",
      "resolved": "https://registry.npm.taobao.org/cipher-base/download/cipher-base-1.0.4.tgz",
      "integrity": "sha1-h2Dk7MJy9MNjUy+SbYdKriwTl94=",
      "requires": {
        "inherits": "^2.0.1",
        "safe-buffer": "^5.0.1"
      }
    },
    "combined-stream": {
      "version": "1.0.8",
      "resolved": "https://registry.npm.taobao.org/combined-stream/download/combined-stream-1.0.8.tgz",
      "integrity": "sha1-w9RaizT9cwYxoRCoolIGgrMdWn8=",
      "requires": {
        "delayed-stream": "~1.0.0"
      }
    },
    "create-hash": {
      "version": "1.2.0",
      "resolved": "https://registry.npm.taobao.org/create-hash/download/create-hash-1.2.0.tgz",
      "integrity": "sha1-iJB4rxGmN1a8+1m9IhmWvjqe8ZY=",
      "requires": {
        "cipher-base": "^1.0.1",
        "inherits": "^2.0.1",
        "md5.js": "^1.3.4",
        "ripemd160": "^2.0.1",
        "sha.js": "^2.4.0"
      }
    },
    "cuint": {
      "version": "0.2.2",
      "resolved": "https://registry.npm.taobao.org/cuint/download/cuint-0.2.2.tgz",
      "integrity": "sha1-QICG1AlVDCYxFVYZ6fp7ytw7mRs="
    },
    "d": {
      "version": "1.0.1",
      "resolved": "https://registry.npm.taobao.org/d/download/d-1.0.1.tgz",
      "integrity": "sha1-hpgJU3LVjb7jRv/Qxwk/mfj561o=",
      "requires": {
        "es5-ext": "^0.10.50",
        "type": "^1.0.1"
      }
    },
    "debug": {
      "version": "2.6.9",
      "resolved": "https://registry.npm.taobao.org/debug/download/debug-2.6.9.tgz?cache=0&sync_timestamp=1607566512593&other_urls=https%3A%2F%2Fregistry.npm.taobao.org%2Fdebug%2Fdownload%2Fdebug-2.6.9.tgz",
      "integrity": "sha1-XRKFFd8TT/Mn6QpMk/Tgd6U2NB8=",
      "requires": {
        "ms": "2.0.0"
      }
    },
    "delayed-stream": {
      "version": "1.0.0",
      "resolved": "https://registry.npm.taobao.org/delayed-stream/download/delayed-stream-1.0.0.tgz",
      "integrity": "sha1-3zrhmayt+31ECqrgsp4icrJOxhk="
    },
    "elliptic": {
      "version": "6.5.4",
      "resolved": "https://registry.npm.taobao.org/elliptic/download/elliptic-6.5.4.tgz?cache=0&sync_timestamp=1612290896983&other_urls=https%3A%2F%2Fregistry.npm.taobao.org%2Felliptic%2Fdownload%2Felliptic-6.5.4.tgz",
      "integrity": "sha1-2jfOvTHnmhNn6UG1ku0fvr1Yq7s=",
      "requires": {
        "bn.js": "^4.11.9",
        "brorand": "^1.1.0",
        "hash.js": "^1.0.0",
        "hmac-drbg": "^1.0.1",
        "inherits": "^2.0.4",
        "minimalistic-assert": "^1.0.1",
        "minimalistic-crypto-utils": "^1.0.1"
      },
      "dependencies": {
        "bn.js": {
          "version": "4.12.0",
          "resolved": "https://registry.npm.taobao.org/bn.js/download/bn.js-4.12.0.tgz",
          "integrity": "sha1-d1s/J477uXGO7HNh9IP7Nvu/6og="
        }
      }
    },
    "es5-ext": {
      "version": "0.10.53",
      "resolved": "https://registry.npm.taobao.org/es5-ext/download/es5-ext-0.10.53.tgz",
      "integrity": "sha1-k8WjrP2+8nUiCtcmRK0C7hg2jeE=",
      "requires": {
        "es6-iterator": "~2.0.3",
        "es6-symbol": "~3.1.3",
        "next-tick": "~1.0.0"
      }
    },
    "es6-iterator": {
      "version": "2.0.3",
      "resolved": "https://registry.npm.taobao.org/es6-iterator/download/es6-iterator-2.0.3.tgz",
      "integrity": "sha1-p96IkUGgWpSwhUQDstCg+/qY87c=",
      "requires": {
        "d": "1",
        "es5-ext": "^0.10.35",
        "es6-symbol": "^3.1.1"
      }
    },
    "es6-symbol": {
      "version": "3.1.3",
      "resolved": "https://registry.npm.taobao.org/es6-symbol/download/es6-symbol-3.1.3.tgz",
      "integrity": "sha1-utXTwbzawoJp9MszHkMceKxwXRg=",
      "requires": {
        "d": "^1.0.1",
        "ext": "^1.1.2"
      }
    },
    "eventemitter3": {
      "version": "4.0.7",
      "resolved": "https://registry.npm.taobao.org/eventemitter3/download/eventemitter3-4.0.7.tgz?cache=0&sync_timestamp=1598518152708&other_urls=https%3A%2F%2Fregistry.npm.taobao.org%2Feventemitter3%2Fdownload%2Feventemitter3-4.0.7.tgz",
      "integrity": "sha1-Lem2j2Uo1WRO9cWVJqG0oHMGFp8="
    },
    "ext": {
      "version": "1.4.0",
      "resolved": "https://registry.npm.taobao.org/ext/download/ext-1.4.0.tgz",
      "integrity": "sha1-ia56BxWPedNVF4gpBDJAd+Q3kkQ=",
      "requires": {
        "type": "^2.0.0"
      },
      "dependencies": {
        "type": {
          "version": "2.5.0",
          "resolved": "https://registry.npm.taobao.org/type/download/type-2.5.0.tgz?cache=0&sync_timestamp=1615215448661&other_urls=https%3A%2F%2Fregistry.npm.taobao.org%2Ftype%2Fdownload%2Ftype-2.5.0.tgz",
          "integrity": "sha1-Ci54wud5B7JSq+XymMGwHGPw2z0="
        }
      }
    },
    "form-data": {
      "version": "3.0.1",
      "resolved": "https://registry.npm.taobao.org/form-data/download/form-data-3.0.1.tgz?cache=0&sync_timestamp=1613411617006&other_urls=https%3A%2F%2Fregistry.npm.taobao.org%2Fform-data%2Fdownload%2Fform-data-3.0.1.tgz",
      "integrity": "sha1-69U3kbeDVqma+aMA1CgsTV65dV8=",
      "requires": {
        "asynckit": "^0.4.0",
        "combined-stream": "^1.0.8",
        "mime-types": "^2.1.12"
      }
    },
    "hash-base": {
      "version": "3.1.0",
      "resolved": "https://registry.npm.taobao.org/hash-base/download/hash-base-3.1.0.tgz?cache=0&sync_timestamp=1588318211155&other_urls=https%3A%2F%2Fregistry.npm.taobao.org%2Fhash-base%2Fdownload%2Fhash-base-3.1.0.tgz",
      "integrity": "sha1-VcOB2eBuHSmXqIO0o/3f5/DTrzM=",
      "requires": {
        "inherits": "^2.0.4",
        "readable-stream": "^3.6.0",
        "safe-buffer": "^5.2.0"
      }
    },
    "hash.js": {
      "version": "1.1.7",
      "resolved": "https://registry.npm.taobao.org/hash.js/download/hash.js-1.1.7.tgz",
      "integrity": "sha1-C6vKU46NTuSg+JiNaIZlN6ADz0I=",
      "requires": {
        "inherits": "^2.0.3",
        "minimalistic-assert": "^1.0.1"
      }
    },
    "hmac-drbg": {
      "version": "1.0.1",
      "resolved": "https://registry.npm.taobao.org/hmac-drbg/download/hmac-drbg-1.0.1.tgz",
      "integrity": "sha1-0nRXAQJabHdabFRXk+1QL8DGSaE=",
      "requires": {
        "hash.js": "^1.0.3",
        "minimalistic-assert": "^1.0.0",
        "minimalistic-crypto-utils": "^1.0.1"
      }
    },
    "inherits": {
      "version": "2.0.4",
      "resolved": "https://registry.npm.taobao.org/inherits/download/inherits-2.0.4.tgz?cache=0&other_urls=https%3A%2F%2Fregistry.npm.taobao.org%2Finherits%2Fdownload%2Finherits-2.0.4.tgz",
      "integrity": "sha1-D6LGT5MpF8NDOg3tVTY6rjdBa3w="
    },
    "ip-regex": {
      "version": "4.3.0",
      "resolved": "https://registry.npm.taobao.org/ip-regex/download/ip-regex-4.3.0.tgz",
      "integrity": "sha1-aHJ1qw9X+naXj/j03dyKI9WZDbU="
    },
    "is-typedarray": {
      "version": "1.0.0",
      "resolved": "https://registry.npm.taobao.org/is-typedarray/download/is-typedarray-1.0.0.tgz",
      "integrity": "sha1-5HnICFjfDBsR3dppQPlgEfzaSpo="
    },
    "js-sha3": {
      "version": "0.8.0",
      "resolved": "https://registry.npm.taobao.org/js-sha3/download/js-sha3-0.8.0.tgz",
      "integrity": "sha1-ubel2nOvrX3t0PjEY5VMveaBiEA="
    },
    "md5.js": {
      "version": "1.3.5",
      "resolved": "https://registry.npm.taobao.org/md5.js/download/md5.js-1.3.5.tgz",
      "integrity": "sha1-tdB7jjIW4+J81yjXL3DR5qNCAF8=",
      "requires": {
        "hash-base": "^3.0.0",
        "inherits": "^2.0.1",
        "safe-buffer": "^5.1.2"
      }
    },
    "mime-db": {
      "version": "1.46.0",
      "resolved": "https://registry.npm.taobao.org/mime-db/download/mime-db-1.46.0.tgz",
      "integrity": "sha1-Ymd0in95lZTePLyM3pHe80lmHO4="
    },
    "mime-types": {
      "version": "2.1.29",
      "resolved": "https://registry.npm.taobao.org/mime-types/download/mime-types-2.1.29.tgz?cache=0&sync_timestamp=1613608889001&other_urls=https%3A%2F%2Fregistry.npm.taobao.org%2Fmime-types%2Fdownload%2Fmime-types-2.1.29.tgz",
      "integrity": "sha1-HUq3faZLkfX3JInfKSNlY3VLsbI=",
      "requires": {
        "mime-db": "1.46.0"
      }
    },
    "minimalistic-assert": {
      "version": "1.0.1",
      "resolved": "https://registry.npm.taobao.org/minimalistic-assert/download/minimalistic-assert-1.0.1.tgz",
      "integrity": "sha1-LhlN4ERibUoQ5/f7wAznPoPk1cc="
    },
    "minimalistic-crypto-utils": {
      "version": "1.0.1",
      "resolved": "https://registry.npm.taobao.org/minimalistic-crypto-utils/download/minimalistic-crypto-utils-1.0.1.tgz",
      "integrity": "sha1-9sAMHAsIIkblxNmd+4x8CDsrWCo="
    },
    "ms": {
      "version": "2.0.0",
      "resolved": "https://registry.npm.taobao.org/ms/download/ms-2.0.0.tgz?cache=0&sync_timestamp=1607433816745&other_urls=https%3A%2F%2Fregistry.npm.taobao.org%2Fms%2Fdownload%2Fms-2.0.0.tgz",
      "integrity": "sha1-VgiurfwAvmwpAd9fmGF4jeDVl8g="
    },
    "next-tick": {
      "version": "1.0.0",
      "resolved": "https://registry.npm.taobao.org/next-tick/download/next-tick-1.0.0.tgz",
      "integrity": "sha1-yobR/ogoFpsBICCOPchCS524NCw="
    },
    "node-fetch": {
      "version": "2.6.1",
      "resolved": "https://registry.npm.taobao.org/node-fetch/download/node-fetch-2.6.1.tgz?cache=0&sync_timestamp=1599311777646&other_urls=https%3A%2F%2Fregistry.npm.taobao.org%2Fnode-fetch%2Fdownload%2Fnode-fetch-2.6.1.tgz",
      "integrity": "sha1-BFvTI2Mfdu0uK1VXM5RBa2OaAFI="
    },
    "node-gyp-build": {
      "version": "4.2.3",
      "resolved": "https://registry.npm.taobao.org/node-gyp-build/download/node-gyp-build-4.2.3.tgz",
      "integrity": "sha1-zmJ3+FODX3GIKe+0fbIPPk2cRzk="
    },
    "readable-stream": {
      "version": "3.6.0",
      "resolved": "https://registry.npm.taobao.org/readable-stream/download/readable-stream-3.6.0.tgz",
      "integrity": "sha1-M3u9o63AcGvT4CRCaihtS0sskZg=",
      "requires": {
        "inherits": "^2.0.3",
        "string_decoder": "^1.1.1",
        "util-deprecate": "^1.0.1"
      }
    },
    "regenerator-runtime": {
      "version": "0.13.7",
      "resolved": "https://registry.npm.taobao.org/regenerator-runtime/download/regenerator-runtime-0.13.7.tgz?cache=0&sync_timestamp=1595456106555&other_urls=https%3A%2F%2Fregistry.npm.taobao.org%2Fregenerator-runtime%2Fdownload%2Fregenerator-runtime-0.13.7.tgz",
      "integrity": "sha1-ysLazIoepnX+qrrriugziYrkb1U="
    },
    "ripemd160": {
      "version": "2.0.2",
      "resolved": "https://registry.npm.taobao.org/ripemd160/download/ripemd160-2.0.2.tgz",
      "integrity": "sha1-ocGm9iR1FXe6XQeRTLyShQWFiQw=",
      "requires": {
        "hash-base": "^3.0.0",
        "inherits": "^2.0.1"
      }
    },
    "rxjs": {
      "version": "6.6.6",
      "resolved": "https://registry.npm.taobao.org/rxjs/download/rxjs-6.6.6.tgz?cache=0&sync_timestamp=1614459284426&other_urls=https%3A%2F%2Fregistry.npm.taobao.org%2Frxjs%2Fdownload%2Frxjs-6.6.6.tgz",
      "integrity": "sha1-FNhBeqWgfF5jOZW1JeHjwN7AO3A=",
      "requires": {
        "tslib": "^1.9.0"
      }
    },
    "safe-buffer": {
      "version": "5.2.1",
      "resolved": "https://registry.npm.taobao.org/safe-buffer/download/safe-buffer-5.2.1.tgz",
      "integrity": "sha1-Hq+fqb2x/dTsdfWPnNtOa3gn7sY="
    },
    "scryptsy": {
      "version": "2.1.0",
      "resolved": "https://registry.npm.taobao.org/scryptsy/download/scryptsy-2.1.0.tgz",
      "integrity": "sha1-jR6NDAJbWP3SW2+poNyQXuj6p5A="
    },
    "sha.js": {
      "version": "2.4.11",
      "resolved": "https://registry.npm.taobao.org/sha.js/download/sha.js-2.4.11.tgz?cache=0&other_urls=https%3A%2F%2Fregistry.npm.taobao.org%2Fsha.js%2Fdownload%2Fsha.js-2.4.11.tgz",
      "integrity": "sha1-N6XPC4HsvGlD3hCbopYNGyZYSuc=",
      "requires": {
        "inherits": "^2.0.1",
        "safe-buffer": "^5.0.1"
      }
    },
    "string_decoder": {
      "version": "1.3.0",
      "resolved": "https://registry.npm.taobao.org/string_decoder/download/string_decoder-1.3.0.tgz",
      "integrity": "sha1-QvEUWUpGzxqOMLCoT1bHjD7awh4=",
      "requires": {
        "safe-buffer": "~5.2.0"
      }
    },
    "tslib": {
      "version": "1.14.1",
      "resolved": "https://registry.npm.taobao.org/tslib/download/tslib-1.14.1.tgz?cache=0&sync_timestamp=1609887446826&other_urls=https%3A%2F%2Fregistry.npm.taobao.org%2Ftslib%2Fdownload%2Ftslib-1.14.1.tgz",
      "integrity": "sha1-zy04vcNKE0vK8QkcQfZhni9nLQA="
    },
    "tweetnacl": {
      "version": "1.0.3",
      "resolved": "https://registry.npm.taobao.org/tweetnacl/download/tweetnacl-1.0.3.tgz?cache=0&sync_timestamp=1581365146868&other_urls=https%3A%2F%2Fregistry.npm.taobao.org%2Ftweetnacl%2Fdownload%2Ftweetnacl-1.0.3.tgz",
      "integrity": "sha1-rAr3FoBFjYpjeNDQ0FCrFAfTVZY="
    },
    "type": {
      "version": "1.2.0",
      "resolved": "https://registry.npm.taobao.org/type/download/type-1.2.0.tgz?cache=0&sync_timestamp=1615215448661&other_urls=https%3A%2F%2Fregistry.npm.taobao.org%2Ftype%2Fdownload%2Ftype-1.2.0.tgz",
      "integrity": "sha1-hI3XaY2vo+VKbEeedZxLw/GIR6A="
    },
    "typedarray-to-buffer": {
      "version": "3.1.5",
      "resolved": "https://registry.npm.taobao.org/typedarray-to-buffer/download/typedarray-to-buffer-3.1.5.tgz",
      "integrity": "sha1-qX7nqf9CaRufeD/xvFES/j/KkIA=",
      "requires": {
        "is-typedarray": "^1.0.0"
      }
    },
    "utf-8-validate": {
      "version": "5.0.4",
      "resolved": "https://registry.npm.taobao.org/utf-8-validate/download/utf-8-validate-5.0.4.tgz",
      "integrity": "sha1-cqFzWYPd96BaQ6nGtnxc4ckQ+bg=",
      "requires": {
        "node-gyp-build": "^4.2.0"
      }
    },
    "util-deprecate": {
      "version": "1.0.2",
      "resolved": "https://registry.npm.taobao.org/util-deprecate/download/util-deprecate-1.0.2.tgz",
      "integrity": "sha1-RQ1Nyfpw3nMnYvvS1KKJgUGaDM8="
    },
    "websocket": {
      "version": "1.0.33",
      "resolved": "https://registry.npm.taobao.org/websocket/download/websocket-1.0.33.tgz?cache=0&sync_timestamp=1607477573479&other_urls=https%3A%2F%2Fregistry.npm.taobao.org%2Fwebsocket%2Fdownload%2Fwebsocket-1.0.33.tgz",
      "integrity": "sha1-QH92P8WOdKP6Qco65deNP147gqU=",
      "requires": {
        "bufferutil": "^4.0.1",
        "debug": "^2.2.0",
        "es5-ext": "^0.10.50",
        "typedarray-to-buffer": "^3.1.5",
        "utf-8-validate": "^5.0.2",
        "yaeti": "^0.0.6"
      }
    },
    "xxhashjs": {
      "version": "0.2.2",
      "resolved": "https://registry.npm.taobao.org/xxhashjs/download/xxhashjs-0.2.2.tgz",
      "integrity": "sha1-imJRVnYhocRqWuIE2gJJx/jKqdg=",
      "requires": {
        "cuint": "^0.2.2"
      }
    },
    "yaeti": {
      "version": "0.0.6",
      "resolved": "https://registry.npm.taobao.org/yaeti/download/yaeti-0.0.6.tgz",
      "integrity": "sha1-8m9ITXJoTPQr7ft2lwqhYI+/lXc="
    }
  }
}
