# THIS IS AN AUTOGENERATED FILE. DO NOT EDIT THIS FILE DIRECTLY.
# yarn lockfile v1


"@babel/runtime@^7.13.7", "@babel/runtime@^7.13.8":
  version "7.13.9"
  resolved "https://registry.npm.taobao.org/@babel/runtime/download/@babel/runtime-7.13.9.tgz?cache=0&other_urls=https%3A%2F%2Fregistry.npm.taobao.org%2F%40babel%2Fruntime%2Fdownload%2F%40babel%2Fruntime-7.13.9.tgz#97dbe2116e2630c489f22e0656decd60aaa1fcee"
  integrity sha1-l9viEW4mMMSJ8i4GVt7NYKqh/O4=
  dependencies:
    regenerator-runtime "^0.13.4"

"@polkadot/api-contract@^3.11.1":
  version "3.11.1"
  resolved "https://registry.npm.taobao.org/@polkadot/api-contract/download/@polkadot/api-contract-3.11.1.tgz#0f46df83798f2aaee6baed8753cd269279a1094c"
  integrity sha1-D0bfg3mPKq7muu2HU80mknmhCUw=
  dependencies:
    "@babel/runtime" "^7.13.8"
    "@polkadot/api" "3.11.1"
    "@polkadot/types" "3.11.1"
    "@polkadot/util" "^5.9.2"
    "@polkadot/x-rxjs" "^5.9.2"
    bn.js "^4.11.9"

"@polkadot/api-derive@3.11.1":
  version "3.11.1"
  resolved "https://registry.npm.taobao.org/@polkadot/api-derive/download/@polkadot/api-derive-3.11.1.tgz#3f0d6804ca2ade80da100314d576534490db5727"
  integrity sha1-Pw1oBMoq3oDaEAMU1XZTRJDbVyc=
  dependencies:
    "@babel/runtime" "^7.13.8"
    "@polkadot/api" "3.11.1"
    "@polkadot/rpc-core" "3.11.1"
    "@polkadot/types" "3.11.1"
    "@polkadot/util" "^5.9.2"
    "@polkadot/util-crypto" "^5.9.2"
    "@polkadot/x-rxjs" "^5.9.2"
    bn.js "^4.11.9"

"@polkadot/api@3.11.1", "@polkadot/api@^3.11.1":
  version "3.11.1"
  resolved "https://registry.npm.taobao.org/@polkadot/api/download/@polkadot/api-3.11.1.tgz#854ee9686942a4be736932d61bf7ddb1242a0966"
  integrity sha1-hU7paGlCpL5zaTLWG/fdsSQqCWY=
  dependencies:
    "@babel/runtime" "^7.13.8"
    "@polkadot/api-derive" "3.11.1"
    "@polkadot/keyring" "^5.9.2"
    "@polkadot/metadata" "3.11.1"
    "@polkadot/rpc-core" "3.11.1"
    "@polkadot/rpc-provider" "3.11.1"
    "@polkadot/types" "3.11.1"
    "@polkadot/types-known" "3.11.1"
    "@polkadot/util" "^5.9.2"
    "@polkadot/util-crypto" "^5.9.2"
    "@polkadot/x-rxjs" "^5.9.2"
    bn.js "^4.11.9"
    eventemitter3 "^4.0.7"

"@polkadot/extension-dapp@^0.37.2":
  version "0.37.2"
  resolved "https://registry.npm.taobao.org/@polkadot/extension-dapp/download/@polkadot/extension-dapp-0.37.2.tgz#b0644bf6bead553b436e2b8c3fb9f603c90d2a60"
  integrity sha1-sGRL9r6tVTtDbiuMP7n2A8kNKmA=
  dependencies:
    "@babel/runtime" "^7.13.8"
    "@polkadot/extension-inject" "^0.37.2"
    "@polkadot/util" "^5.9.2"
    "@polkadot/util-crypto" "^5.9.2"

"@polkadot/extension-inject@^0.37.2":
  version "0.37.2"
  resolved "https://registry.npm.taobao.org/@polkadot/extension-inject/download/@polkadot/extension-inject-0.37.2.tgz#4b890cc98468683ac70b980460259f5b145baaf6"
  integrity sha1-S4kMyYRoaDrHC5gEYCWfWxRbqvY=
  dependencies:
    "@babel/runtime" "^7.13.8"

"@polkadot/keyring@^5.9.2":
  version "5.9.2"
  resolved "https://registry.npm.taobao.org/@polkadot/keyring/download/@polkadot/keyring-5.9.2.tgz#f8011a524767bb8f000bec3e26178fc5feffae5b"
  integrity sha1-+AEaUkdnu48AC+w+JhePxf7/rls=
  dependencies:
    "@babel/runtime" "^7.13.8"
    "@polkadot/util" "5.9.2"
    "@polkadot/util-crypto" "5.9.2"

"@polkadot/metadata@3.11.1":
  version "3.11.1"
  resolved "https://registry.npm.taobao.org/@polkadot/metadata/download/@polkadot/metadata-3.11.1.tgz#c3e9645f6f78c8e02e0da695f3718b9d69f450a8"
  integrity sha1-w+lkX294yOAuDaaV83GLnWn0UKg=
  dependencies:
    "@babel/runtime" "^7.13.8"
    "@polkadot/types" "3.11.1"
    "@polkadot/types-known" "3.11.1"
    "@polkadot/util" "^5.9.2"
    "@polkadot/util-crypto" "^5.9.2"
    bn.js "^4.11.9"

"@polkadot/networks@5.9.2", "@polkadot/networks@^5.9.2":
  version "5.9.2"
  resolved "https://registry.npm.taobao.org/@polkadot/networks/download/@polkadot/networks-5.9.2.tgz#c687525b5886c9418f75240afe22b562ed88e2dd"
  integrity sha1-xodSW1iGyUGPdSQK/iK1Yu2I4t0=
  dependencies:
    "@babel/runtime" "^7.13.8"

"@polkadot/rpc-core@3.11.1":
  version "3.11.1"
  resolved "https://registry.npm.taobao.org/@polkadot/rpc-core/download/@polkadot/rpc-core-3.11.1.tgz#fc57ac6429fd0322ac8421f434868cd244ede86f"
  integrity sha1-/FesZCn9AyKshCH0NIaM0kTt6G8=
  dependencies:
    "@babel/runtime" "^7.13.8"
    "@polkadot/metadata" "3.11.1"
    "@polkadot/rpc-provider" "3.11.1"
    "@polkadot/types" "3.11.1"
    "@polkadot/util" "^5.9.2"
    "@polkadot/x-rxjs" "^5.9.2"

"@polkadot/rpc-provider@3.11.1":
  version "3.11.1"
  resolved "https://registry.npm.taobao.org/@polkadot/rpc-provider/download/@polkadot/rpc-provider-3.11.1.tgz#d4ee901f464211b3b03607615a6db208ef186213"
  integrity sha1-1O6QH0ZCEbOwNgdhWm2yCO8YYhM=
  dependencies:
    "@babel/runtime" "^7.13.8"
    "@polkadot/types" "3.11.1"
    "@polkadot/util" "^5.9.2"
    "@polkadot/util-crypto" "^5.9.2"
    "@polkadot/x-fetch" "^5.9.2"
    "@polkadot/x-global" "^5.9.2"
    "@polkadot/x-ws" "^5.9.2"
    bn.js "^4.11.9"
    eventemitter3 "^4.0.7"

"@polkadot/types-known@3.11.1":
  version "3.11.1"
  resolved "https://registry.npm.taobao.org/@polkadot/types-known/download/@polkadot/types-known-3.11.1.tgz#f695c9155fa54eeed95cea179bb8cb2398726bd3"
  integrity sha1-9pXJFV+lTu7ZXOoXm7jLI5hya9M=
  dependencies:
    "@babel/runtime" "^7.13.8"
    "@polkadot/networks" "^5.9.2"
    "@polkadot/types" "3.11.1"
    "@polkadot/util" "^5.9.2"
    bn.js "^4.11.9"

"@polkadot/types@3.11.1":
  version "3.11.1"
  resolved "https://registry.npm.taobao.org/@polkadot/types/download/@polkadot/types-3.11.1.tgz#c0188390dfda84d746d57f7818ad622ac6b1de8b"
  integrity sha1-wBiDkN/ahNdG1X94GK1iKsax3os=
  dependencies:
    "@babel/runtime" "^7.13.8"
    "@polkadot/metadata" "3.11.1"
    "@polkadot/util" "^5.9.2"
    "@polkadot/util-crypto" "^5.9.2"
    "@polkadot/x-rxjs" "^5.9.2"
    "@types/bn.js" "^4.11.6"
    bn.js "^4.11.9"

"@polkadot/util-crypto@5.9.2", "@polkadot/util-crypto@^5.9.2":
  version "5.9.2"
  resolved "https://registry.npm.taobao.org/@polkadot/util-crypto/download/@polkadot/util-crypto-5.9.2.tgz#3858cfffe7732458b4a2b38ece01eaf52a3746c2"
  integrity sha1-OFjP/+dzJFi0orOOzgHq9So3RsI=
  dependencies:
    "@babel/runtime" "^7.13.8"
    "@polkadot/networks" "5.9.2"
    "@polkadot/util" "5.9.2"
    "@polkadot/wasm-crypto" "^3.2.4"
    "@polkadot/x-randomvalues" "5.9.2"
    base-x "^3.0.8"
    base64-js "^1.5.1"
    blakejs "^1.1.0"
    bn.js "^4.11.9"
    create-hash "^1.2.0"
    elliptic "^6.5.4"
    hash.js "^1.1.7"
    js-sha3 "^0.8.0"
    scryptsy "^2.1.0"
    tweetnacl "^1.0.3"
    xxhashjs "^0.2.2"

"@polkadot/util@5.9.2", "@polkadot/util@^5.9.2":
  version "5.9.2"
  resolved "https://registry.npm.taobao.org/@polkadot/util/download/@polkadot/util-5.9.2.tgz#ad2494e78ca6c3aadd6fb394a6be55020dc9b2a8"
  integrity sha1-rSSU54ymw6rdb7OUpr5VAg3Jsqg=
  dependencies:
    "@babel/runtime" "^7.13.8"
    "@polkadot/x-textdecoder" "5.9.2"
    "@polkadot/x-textencoder" "5.9.2"
    "@types/bn.js" "^4.11.6"
    bn.js "^4.11.9"
    camelcase "^5.3.1"
    ip-regex "^4.3.0"

"@polkadot/wasm-crypto-asmjs@^3.2.4":
  version "3.2.4"
  resolved "https://registry.npm.taobao.org/@polkadot/wasm-crypto-asmjs/download/@polkadot/wasm-crypto-asmjs-3.2.4.tgz#837f5b723161b21670d13779eff4c061f7947577"
  integrity sha1-g39bcjFhshZw0Td57/TAYfeUdXc=
  dependencies:
    "@babel/runtime" "^7.13.7"

"@polkadot/wasm-crypto-wasm@^3.2.4":
  version "3.2.4"
  resolved "https://registry.npm.taobao.org/@polkadot/wasm-crypto-wasm/download/@polkadot/wasm-crypto-wasm-3.2.4.tgz#70885e06a813af91d81cf7e8ff826976fa99a38b"
  integrity sha1-cIheBqgTr5HYHPfo/4JpdvqZo4s=
  dependencies:
    "@babel/runtime" "^7.13.7"

"@polkadot/wasm-crypto@^3.2.4":
  version "3.2.4"
  resolved "https://registry.npm.taobao.org/@polkadot/wasm-crypto/download/@polkadot/wasm-crypto-3.2.4.tgz#c3e23ff728c1d5701215ae15ecdc605e96901989"
  integrity sha1-w+I/9yjB1XASFa4V7NxgXpaQGYk=
  dependencies:
    "@babel/runtime" "^7.13.7"
    "@polkadot/wasm-crypto-asmjs" "^3.2.4"
    "@polkadot/wasm-crypto-wasm" "^3.2.4"

"@polkadot/x-fetch@^5.9.2":
  version "5.9.2"
  resolved "https://registry.npm.taobao.org/@polkadot/x-fetch/download/@polkadot/x-fetch-5.9.2.tgz#0ec2b00bd253b896f7e435dfba34ebac914269e1"
  integrity sha1-DsKwC9JTuJb35DXfujTrrJFCaeE=
  dependencies:
    "@babel/runtime" "^7.13.8"
    "@polkadot/x-global" "5.9.2"
    "@types/node-fetch" "^2.5.8"
    node-fetch "^2.6.1"

"@polkadot/x-global@5.9.2", "@polkadot/x-global@^5.9.2":
  version "5.9.2"
  resolved "https://registry.npm.taobao.org/@polkadot/x-global/download/@polkadot/x-global-5.9.2.tgz#e223d59536d168c7cbc49fc3a2052cbd71bd7256"
  integrity sha1-4iPVlTbRaMfLxJ/DogUsvXG9clY=
  dependencies:
    "@babel/runtime" "^7.13.8"
    "@types/node-fetch" "^2.5.8"
    node-fetch "^2.6.1"

"@polkadot/x-randomvalues@5.9.2":
  version "5.9.2"
  resolved "https://registry.npm.taobao.org/@polkadot/x-randomvalues/download/@polkadot/x-randomvalues-5.9.2.tgz#563a76550f94107ce5a37c462ed067dc040626b1"
  integrity sha1-Vjp2VQ+UEHzlo3xGLtBn3AQGJrE=
  dependencies:
    "@babel/runtime" "^7.13.8"
    "@polkadot/x-global" "5.9.2"

"@polkadot/x-rxjs@^5.9.2":
  version "5.9.2"
  resolved "https://registry.npm.taobao.org/@polkadot/x-rxjs/download/@polkadot/x-rxjs-5.9.2.tgz#925b7c3325678b137ca30af6a726b22c5e8f9125"
  integrity sha1-klt8MyVnixN8owr2pyayLF6PkSU=
  dependencies:
    "@babel/runtime" "^7.13.8"
    rxjs "^6.6.6"

"@polkadot/x-textdecoder@5.9.2":
  version "5.9.2"
  resolved "https://registry.npm.taobao.org/@polkadot/x-textdecoder/download/@polkadot/x-textdecoder-5.9.2.tgz#2e69922acc426f91adc2629fea362e41c9035f25"
  integrity sha1-LmmSKsxCb5GtwmKf6jYuQckDXyU=
  dependencies:
    "@babel/runtime" "^7.13.8"
    "@polkadot/x-global" "5.9.2"

"@polkadot/x-textencoder@5.9.2":
  version "5.9.2"
  resolved "https://registry.npm.taobao.org/@polkadot/x-textencoder/download/@polkadot/x-textencoder-5.9.2.tgz#67362e64bacfe6ff4eec73bf596873a2f9d9f36d"
  integrity sha1-ZzYuZLrP5v9O7HO/WWhzovnZ820=
  dependencies:
    "@babel/runtime" "^7.13.8"
    "@polkadot/x-global" "5.9.2"

"@polkadot/x-ws@^5.9.2":
  version "5.9.2"
  resolved "https://registry.npm.taobao.org/@polkadot/x-ws/download/@polkadot/x-ws-5.9.2.tgz#294f226be5ef07363426b8cf2729cba12d9637e5"
  integrity sha1-KU8ia+XvBzY0JrjPJynLoS2WN+U=
  dependencies:
    "@babel/runtime" "^7.13.8"
    "@polkadot/x-global" "5.9.2"
    "@types/websocket" "^1.0.1"
    websocket "^1.0.33"

"@types/bn.js@^4.11.6":
  version "4.11.6"
  resolved "https://registry.npm.taobao.org/@types/bn.js/download/@types/bn.js-4.11.6.tgz#c306c70d9358aaea33cd4eda092a742b9505967c"
  integrity sha1-wwbHDZNYquozzU7aCSp0K5UFlnw=
  dependencies:
    "@types/node" "*"

"@types/node-fetch@^2.5.8":
  version "2.5.8"
  resolved "https://registry.npm.taobao.org/@types/node-fetch/download/@types/node-fetch-2.5.8.tgz?cache=0&sync_timestamp=1613379565798&other_urls=https%3A%2F%2Fregistry.npm.taobao.org%2F%40types%2Fnode-fetch%2Fdownload%2F%40types%2Fnode-fetch-2.5.8.tgz#e199c835d234c7eb0846f6618012e558544ee2fb"
  integrity sha1-4ZnINdI0x+sIRvZhgBLlWFRO4vs=
  dependencies:
    "@types/node" "*"
    form-data "^3.0.0"

"@types/node@*":
  version "14.14.31"
  resolved "https://registry.npm.taobao.org/@types/node/download/@types/node-14.14.31.tgz?cache=0&sync_timestamp=1613758114120&other_urls=https%3A%2F%2Fregistry.npm.taobao.org%2F%40types%2Fnode%2Fdownload%2F%40types%2Fnode-14.14.31.tgz#72286bd33d137aa0d152d47ec7c1762563d34055"
  integrity sha1-cihr0z0TeqDRUtR+x8F2JWPTQFU=

"@types/websocket@^1.0.1":
  version "1.0.1"
  resolved "https://registry.npm.taobao.org/@types/websocket/download/@types/websocket-1.0.1.tgz#039272c196c2c0e4868a0d8a1a27bbb86e9e9138"
  integrity sha1-A5JywZbCwOSGig2KGie7uG6ekTg=
  dependencies:
    "@types/node" "*"

asynckit@^0.4.0:
  version "0.4.0"
  resolved "https://registry.npm.taobao.org/asynckit/download/asynckit-0.4.0.tgz#c79ed97f7f34cb8f2ba1bc9790bcc366474b4b79"
  integrity sha1-x57Zf380y48robyXkLzDZkdLS3k=

axios@^0.21.1:
  version "0.21.1"
  resolved "https://registry.npm.taobao.org/axios/download/axios-0.21.1.tgz#22563481962f4d6bde9a76d516ef0e5d3c09b2b8"
  integrity sha1-IlY0gZYvTWvemnbVFu8OXTwJsrg=
  dependencies:
    follow-redirects "^1.10.0"

base-x@^3.0.8:
  version "3.0.8"
  resolved "https://registry.npm.taobao.org/base-x/download/base-x-3.0.8.tgz#1e1106c2537f0162e8b52474a557ebb09000018d"
  integrity sha1-HhEGwlN/AWLotSR0pVfrsJAAAY0=
  dependencies:
    safe-buffer "^5.0.1"

base64-js@^1.5.1:
  version "1.5.1"
  resolved "https://registry.npm.taobao.org/base64-js/download/base64-js-1.5.1.tgz#1b1b440160a5bf7ad40b650f095963481903930a"
  integrity sha1-GxtEAWClv3rUC2UPCVljSBkDkwo=

blakejs@^1.1.0:
  version "1.1.0"
  resolved "https://registry.npm.taobao.org/blakejs/download/blakejs-1.1.0.tgz#69df92ef953aa88ca51a32df6ab1c54a155fc7a5"
  integrity sha1-ad+S75U6qIylGjLfarHFShVfx6U=

bn.js@^4.11.9:
  version "4.11.9"
  resolved "https://registry.npm.taobao.org/bn.js/download/bn.js-4.11.9.tgz#26d556829458f9d1e81fc48952493d0ba3507828"
  integrity sha1-JtVWgpRY+dHoH8SJUkk9C6NQeCg=

brorand@^1.1.0:
  version "1.1.0"
  resolved "https://registry.npm.taobao.org/brorand/download/brorand-1.1.0.tgz#12c25efe40a45e3c323eb8675a0a0ce57b22371f"
  integrity sha1-EsJe/kCkXjwyPrhnWgoM5XsiNx8=

bufferutil@^4.0.1:
  version "4.0.3"
  resolved "https://registry.npm.taobao.org/bufferutil/download/bufferutil-4.0.3.tgz#66724b756bed23cd7c28c4d306d7994f9943cc6b"
  integrity sha1-ZnJLdWvtI818KMTTBteZT5lDzGs=
  dependencies:
    node-gyp-build "^4.2.0"

camelcase@^5.3.1:
  version "5.3.1"
  resolved "https://registry.npm.taobao.org/camelcase/download/camelcase-5.3.1.tgz#e3c9b31569e106811df242f715725a1f4c494320"
  integrity sha1-48mzFWnhBoEd8kL3FXJaH0xJQyA=

cipher-base@^1.0.1:
  version "1.0.4"
  resolved "https://registry.npm.taobao.org/cipher-base/download/cipher-base-1.0.4.tgz#8760e4ecc272f4c363532f926d874aae2c1397de"
  integrity sha1-h2Dk7MJy9MNjUy+SbYdKriwTl94=
  dependencies:
    inherits "^2.0.1"
    safe-buffer "^5.0.1"

combined-stream@^1.0.8:
  version "1.0.8"
  resolved "https://registry.npm.taobao.org/combined-stream/download/combined-stream-1.0.8.tgz#c3d45a8b34fd730631a110a8a2520682b31d5a7f"
  integrity sha1-w9RaizT9cwYxoRCoolIGgrMdWn8=
  dependencies:
    delayed-stream "~1.0.0"

create-hash@^1.2.0:
  version "1.2.0"
  resolved "https://registry.npm.taobao.org/create-hash/download/create-hash-1.2.0.tgz#889078af11a63756bcfb59bd221996be3a9ef196"
  integrity sha1-iJB4rxGmN1a8+1m9IhmWvjqe8ZY=
  dependencies:
    cipher-base "^1.0.1"
    inherits "^2.0.1"
    md5.js "^1.3.4"
    ripemd160 "^2.0.1"
    sha.js "^2.4.0"

cuint@^0.2.2:
  version "0.2.2"
  resolved "https://registry.npm.taobao.org/cuint/download/cuint-0.2.2.tgz#408086d409550c2631155619e9fa7bcadc3b991b"
  integrity sha1-QICG1AlVDCYxFVYZ6fp7ytw7mRs=

d@1, d@^1.0.1:
  version "1.0.1"
  resolved "https://registry.npm.taobao.org/d/download/d-1.0.1.tgz#8698095372d58dbee346ffd0c7093f99f8f9eb5a"
  integrity sha1-hpgJU3LVjb7jRv/Qxwk/mfj561o=
  dependencies:
    es5-ext "^0.10.50"
    type "^1.0.1"

debug@^2.2.0:
  version "2.6.9"
  resolved "https://registry.npm.taobao.org/debug/download/debug-2.6.9.tgz?cache=0&sync_timestamp=1607566517339&other_urls=https%3A%2F%2Fregistry.npm.taobao.org%2Fdebug%2Fdownload%2Fdebug-2.6.9.tgz#5d128515df134ff327e90a4c93f4e077a536341f"
  integrity sha1-XRKFFd8TT/Mn6QpMk/Tgd6U2NB8=
  dependencies:
    ms "2.0.0"

delayed-stream@~1.0.0:
  version "1.0.0"
  resolved "https://registry.npm.taobao.org/delayed-stream/download/delayed-stream-1.0.0.tgz#df3ae199acadfb7d440aaae0b29e2272b24ec619"
  integrity sha1-3zrhmayt+31ECqrgsp4icrJOxhk=

elliptic@^6.5.4:
  version "6.5.4"
  resolved "https://registry.npm.taobao.org/elliptic/download/elliptic-6.5.4.tgz#da37cebd31e79a1367e941b592ed1fbebd58abbb"
  integrity sha1-2jfOvTHnmhNn6UG1ku0fvr1Yq7s=
  dependencies:
    bn.js "^4.11.9"
    brorand "^1.1.0"
    hash.js "^1.0.0"
    hmac-drbg "^1.0.1"
    inherits "^2.0.4"
    minimalistic-assert "^1.0.1"
    minimalistic-crypto-utils "^1.0.1"

es5-ext@^0.10.35, es5-ext@^0.10.50:
  version "0.10.53"
  resolved "https://registry.npm.taobao.org/es5-ext/download/es5-ext-0.10.53.tgz#93c5a3acfdbef275220ad72644ad02ee18368de1"
  integrity sha1-k8WjrP2+8nUiCtcmRK0C7hg2jeE=
  dependencies:
    es6-iterator "~2.0.3"
    es6-symbol "~3.1.3"
    next-tick "~1.0.0"

es6-iterator@~2.0.3:
  version "2.0.3"
  resolved "https://registry.npm.taobao.org/es6-iterator/download/es6-iterator-2.0.3.tgz#a7de889141a05a94b0854403b2d0a0fbfa98f3b7"
  integrity sha1-p96IkUGgWpSwhUQDstCg+/qY87c=
  dependencies:
    d "1"
    es5-ext "^0.10.35"
    es6-symbol "^3.1.1"

es6-symbol@^3.1.1, es6-symbol@~3.1.3:
  version "3.1.3"
  resolved "https://registry.npm.taobao.org/es6-symbol/download/es6-symbol-3.1.3.tgz#bad5d3c1bcdac28269f4cb331e431c78ac705d18"
  integrity sha1-utXTwbzawoJp9MszHkMceKxwXRg=
  dependencies:
    d "^1.0.1"
    ext "^1.1.2"

eventemitter3@^4.0.7:
  version "4.0.7"
  resolved "https://registry.npm.taobao.org/eventemitter3/download/eventemitter3-4.0.7.tgz?cache=0&sync_timestamp=1598517795415&other_urls=https%3A%2F%2Fregistry.npm.taobao.org%2Feventemitter3%2Fdownload%2Feventemitter3-4.0.7.tgz#2de9b68f6528d5644ef5c59526a1b4a07306169f"
  integrity sha1-Lem2j2Uo1WRO9cWVJqG0oHMGFp8=

ext@^1.1.2:
  version "1.4.0"
  resolved "https://registry.npm.taobao.org/ext/download/ext-1.4.0.tgz#89ae7a07158f79d35517882904324077e4379244"
  integrity sha1-ia56BxWPedNVF4gpBDJAd+Q3kkQ=
  dependencies:
    type "^2.0.0"

follow-redirects@^1.10.0:
  version "1.13.2"
  resolved "https://registry.npm.taobao.org/follow-redirects/download/follow-redirects-1.13.2.tgz?cache=0&other_urls=https%3A%2F%2Fregistry.npm.taobao.org%2Ffollow-redirects%2Fdownload%2Ffollow-redirects-1.13.2.tgz#dd73c8effc12728ba5cf4259d760ea5fb83e3147"
  integrity sha1-3XPI7/wScoulz0JZ12DqX7g+MUc=

form-data@^3.0.0:
  version "3.0.1"
  resolved "https://registry.npm.taobao.org/form-data/download/form-data-3.0.1.tgz#ebd53791b78356a99af9a300d4282c4d5eb9755f"
  integrity sha1-69U3kbeDVqma+aMA1CgsTV65dV8=
  dependencies:
    asynckit "^0.4.0"
    combined-stream "^1.0.8"
    mime-types "^2.1.12"

hash-base@^3.0.0:
  version "3.1.0"
  resolved "https://registry.npm.taobao.org/hash-base/download/hash-base-3.1.0.tgz#55c381d9e06e1d2997a883b4a3fddfe7f0d3af33"
  integrity sha1-VcOB2eBuHSmXqIO0o/3f5/DTrzM=
  dependencies:
    inherits "^2.0.4"
    readable-stream "^3.6.0"
    safe-buffer "^5.2.0"

hash.js@^1.0.0, hash.js@^1.0.3, hash.js@^1.1.7:
  version "1.1.7"
  resolved "https://registry.npm.taobao.org/hash.js/download/hash.js-1.1.7.tgz#0babca538e8d4ee4a0f8988d68866537a003cf42"
  integrity sha1-C6vKU46NTuSg+JiNaIZlN6ADz0I=
  dependencies:
    inherits "^2.0.3"
    minimalistic-assert "^1.0.1"

hmac-drbg@^1.0.1:
  version "1.0.1"
  resolved "https://registry.npm.taobao.org/hmac-drbg/download/hmac-drbg-1.0.1.tgz#d2745701025a6c775a6c545793ed502fc0c649a1"
  integrity sha1-0nRXAQJabHdabFRXk+1QL8DGSaE=
  dependencies:
    hash.js "^1.0.3"
    minimalistic-assert "^1.0.0"
    minimalistic-crypto-utils "^1.0.1"

inherits@^2.0.1, inherits@^2.0.3, inherits@^2.0.4:
  version "2.0.4"
  resolved "https://registry.npm.taobao.org/inherits/download/inherits-2.0.4.tgz#0fa2c64f932917c3433a0ded55363aae37416b7c"
  integrity sha1-D6LGT5MpF8NDOg3tVTY6rjdBa3w=

ip-regex@^4.3.0:
  version "4.3.0"
  resolved "https://registry.npm.taobao.org/ip-regex/download/ip-regex-4.3.0.tgz#687275ab0f57fa76978ff8f4dddc8a23d5990db5"
  integrity sha1-aHJ1qw9X+naXj/j03dyKI9WZDbU=

is-typedarray@^1.0.0:
  version "1.0.0"
  resolved "https://registry.npm.taobao.org/is-typedarray/download/is-typedarray-1.0.0.tgz#e479c80858df0c1b11ddda6940f96011fcda4a9a"
  integrity sha1-5HnICFjfDBsR3dppQPlgEfzaSpo=

js-sha3@^0.8.0:
  version "0.8.0"
  resolved "https://registry.npm.taobao.org/js-sha3/download/js-sha3-0.8.0.tgz#b9b7a5da73afad7dedd0f8c463954cbde6818840"
  integrity sha1-ubel2nOvrX3t0PjEY5VMveaBiEA=

md5.js@^1.3.4:
  version "1.3.5"
  resolved "https://registry.npm.taobao.org/md5.js/download/md5.js-1.3.5.tgz#b5d07b8e3216e3e27cd728d72f70d1e6a342005f"
  integrity sha1-tdB7jjIW4+J81yjXL3DR5qNCAF8=
  dependencies:
    hash-base "^3.0.0"
    inherits "^2.0.1"
    safe-buffer "^5.1.2"

mime-db@1.46.0:
  version "1.46.0"
  resolved "https://registry.npm.taobao.org/mime-db/download/mime-db-1.46.0.tgz?cache=0&sync_timestamp=1613194697983&other_urls=https%3A%2F%2Fregistry.npm.taobao.org%2Fmime-db%2Fdownload%2Fmime-db-1.46.0.tgz#6267748a7f799594de3cbc8cde91def349661cee"
  integrity sha1-Ymd0in95lZTePLyM3pHe80lmHO4=

mime-types@^2.1.12:
  version "2.1.29"
  resolved "https://registry.npm.taobao.org/mime-types/download/mime-types-2.1.29.tgz?cache=0&sync_timestamp=1613608475804&other_urls=https%3A%2F%2Fregistry.npm.taobao.org%2Fmime-types%2Fdownload%2Fmime-types-2.1.29.tgz#1d4ab77da64b91f5f72489df29236563754bb1b2"
  integrity sha1-HUq3faZLkfX3JInfKSNlY3VLsbI=
  dependencies:
    mime-db "1.46.0"

minimalistic-assert@^1.0.0, minimalistic-assert@^1.0.1:
  version "1.0.1"
  resolved "https://registry.npm.taobao.org/minimalistic-assert/download/minimalistic-assert-1.0.1.tgz#2e194de044626d4a10e7f7fbc00ce73e83e4d5c7"
  integrity sha1-LhlN4ERibUoQ5/f7wAznPoPk1cc=

minimalistic-crypto-utils@^1.0.1:
  version "1.0.1"
  resolved "https://registry.npm.taobao.org/minimalistic-crypto-utils/download/minimalistic-crypto-utils-1.0.1.tgz#f6c00c1c0b082246e5c4d99dfb8c7c083b2b582a"
  integrity sha1-9sAMHAsIIkblxNmd+4x8CDsrWCo=

ms@2.0.0:
  version "2.0.0"
  resolved "https://registry.npm.taobao.org/ms/download/ms-2.0.0.tgz?cache=0&sync_timestamp=1607433988749&other_urls=https%3A%2F%2Fregistry.npm.taobao.org%2Fms%2Fdownload%2Fms-2.0.0.tgz#5608aeadfc00be6c2901df5f9861788de0d597c8"
  integrity sha1-VgiurfwAvmwpAd9fmGF4jeDVl8g=

next-tick@~1.0.0:
  version "1.0.0"
  resolved "https://registry.npm.taobao.org/next-tick/download/next-tick-1.0.0.tgz#ca86d1fe8828169b0120208e3dc8424b9db8342c"
  integrity sha1-yobR/ogoFpsBICCOPchCS524NCw=

node-fetch@^2.6.1:
  version "2.6.1"
  resolved "https://registry.npm.taobao.org/node-fetch/download/node-fetch-2.6.1.tgz?cache=0&sync_timestamp=1599309206591&other_urls=https%3A%2F%2Fregistry.npm.taobao.org%2Fnode-fetch%2Fdownload%2Fnode-fetch-2.6.1.tgz#045bd323631f76ed2e2b55573394416b639a0052"
  integrity sha1-BFvTI2Mfdu0uK1VXM5RBa2OaAFI=

node-gyp-build@^4.2.0:
  version "4.2.3"
  resolved "https://registry.npm.taobao.org/node-gyp-build/download/node-gyp-build-4.2.3.tgz#ce6277f853835f718829efb47db20f3e4d9c4739"
  integrity sha1-zmJ3+FODX3GIKe+0fbIPPk2cRzk=

readable-stream@^3.6.0:
  version "3.6.0"
  resolved "https://registry.npm.taobao.org/readable-stream/download/readable-stream-3.6.0.tgz#337bbda3adc0706bd3e024426a286d4b4b2c9198"
  integrity sha1-M3u9o63AcGvT4CRCaihtS0sskZg=
  dependencies:
    inherits "^2.0.3"
    string_decoder "^1.1.1"
    util-deprecate "^1.0.1"

regenerator-runtime@^0.13.4:
  version "0.13.7"
  resolved "https://registry.npm.taobao.org/regenerator-runtime/download/regenerator-runtime-0.13.7.tgz?cache=0&sync_timestamp=1595456117883&other_urls=https%3A%2F%2Fregistry.npm.taobao.org%2Fregenerator-runtime%2Fdownload%2Fregenerator-runtime-0.13.7.tgz#cac2dacc8a1ea675feaabaeb8ae833898ae46f55"
  integrity sha1-ysLazIoepnX+qrrriugziYrkb1U=

ripemd160@^2.0.1:
  version "2.0.2"
  resolved "https://registry.npm.taobao.org/ripemd160/download/ripemd160-2.0.2.tgz#a1c1a6f624751577ba5d07914cbc92850585890c"
  integrity sha1-ocGm9iR1FXe6XQeRTLyShQWFiQw=
  dependencies:
    hash-base "^3.0.0"
    inherits "^2.0.1"

rxjs@^6.6.6:
  version "6.6.6"
  resolved "https://registry.npm.taobao.org/rxjs/download/rxjs-6.6.6.tgz?cache=0&sync_timestamp=1614458618256&other_urls=https%3A%2F%2Fregistry.npm.taobao.org%2Frxjs%2Fdownload%2Frxjs-6.6.6.tgz#14d8417aa5a07c5e633995b525e1e3c0dec03b70"
  integrity sha1-FNhBeqWgfF5jOZW1JeHjwN7AO3A=
  dependencies:
    tslib "^1.9.0"

safe-buffer@^5.0.1, safe-buffer@^5.1.2, safe-buffer@^5.2.0, safe-buffer@~5.2.0:
  version "5.2.1"
  resolved "https://registry.npm.taobao.org/safe-buffer/download/safe-buffer-5.2.1.tgz?cache=0&sync_timestamp=1589129010497&other_urls=https%3A%2F%2Fregistry.npm.taobao.org%2Fsafe-buffer%2Fdownload%2Fsafe-buffer-5.2.1.tgz#1eaf9fa9bdb1fdd4ec75f58f9cdb4e6b7827eec6"
  integrity sha1-Hq+fqb2x/dTsdfWPnNtOa3gn7sY=

scryptsy@^2.1.0:
  version "2.1.0"
  resolved "https://registry.npm.taobao.org/scryptsy/download/scryptsy-2.1.0.tgz#8d1e8d0c025b58fdd25b6fa9a0dc905ee8faa790"
  integrity sha1-jR6NDAJbWP3SW2+poNyQXuj6p5A=

sha.js@^2.4.0:
  version "2.4.11"
  resolved "https://registry.npm.taobao.org/sha.js/download/sha.js-2.4.11.tgz#37a5cf0b81ecbc6943de109ba2960d1b26584ae7"
  integrity sha1-N6XPC4HsvGlD3hCbopYNGyZYSuc=
  dependencies:
    inherits "^2.0.1"
    safe-buffer "^5.0.1"

string_decoder@^1.1.1:
  version "1.3.0"
  resolved "https://registry.npm.taobao.org/string_decoder/download/string_decoder-1.3.0.tgz?cache=0&sync_timestamp=1565170823020&other_urls=https%3A%2F%2Fregistry.npm.taobao.org%2Fstring_decoder%2Fdownload%2Fstring_decoder-1.3.0.tgz#42f114594a46cf1a8e30b0a84f56c78c3edac21e"
  integrity sha1-QvEUWUpGzxqOMLCoT1bHjD7awh4=
  dependencies:
    safe-buffer "~5.2.0"

tslib@^1.9.0:
  version "1.14.1"
  resolved "https://registry.npm.taobao.org/tslib/download/tslib-1.14.1.tgz#cf2d38bdc34a134bcaf1091c41f6619e2f672d00"
  integrity sha1-zy04vcNKE0vK8QkcQfZhni9nLQA=

tweetnacl@^1.0.3:
  version "1.0.3"
  resolved "https://registry.npm.taobao.org/tweetnacl/download/tweetnacl-1.0.3.tgz#ac0af71680458d8a6378d0d0d050ab1407d35596"
  integrity sha1-rAr3FoBFjYpjeNDQ0FCrFAfTVZY=

type@^1.0.1:
  version "1.2.0"
  resolved "https://registry.npm.taobao.org/type/download/type-1.2.0.tgz#848dd7698dafa3e54a6c479e759c4bc3f18847a0"
  integrity sha1-hI3XaY2vo+VKbEeedZxLw/GIR6A=

type@^2.0.0:
  version "2.3.0"
  resolved "https://registry.npm.taobao.org/type/download/type-2.3.0.tgz#ada7c045f07ead08abf9e2edd29be1a0c0661132"
  integrity sha1-rafARfB+rQir+eLt0pvhoMBmETI=

typedarray-to-buffer@^3.1.5:
  version "3.1.5"
  resolved "https://registry.npm.taobao.org/typedarray-to-buffer/download/typedarray-to-buffer-3.1.5.tgz#a97ee7a9ff42691b9f783ff1bc5112fe3fca9080"
  integrity sha1-qX7nqf9CaRufeD/xvFES/j/KkIA=
  dependencies:
    is-typedarray "^1.0.0"

utf-8-validate@^5.0.2:
  version "5.0.4"
  resolved "https://registry.npm.taobao.org/utf-8-validate/download/utf-8-validate-5.0.4.tgz#72a1735983ddf7a05a43a9c6b67c5ce1c910f9b8"
  integrity sha1-cqFzWYPd96BaQ6nGtnxc4ckQ+bg=
  dependencies:
    node-gyp-build "^4.2.0"

util-deprecate@^1.0.1:
  version "1.0.2"
  resolved "https://registry.npm.taobao.org/util-deprecate/download/util-deprecate-1.0.2.tgz#450d4dc9fa70de732762fbd2d4a28981419a0ccf"
  integrity sha1-RQ1Nyfpw3nMnYvvS1KKJgUGaDM8=

websocket@^1.0.33:
  version "1.0.33"
  resolved "https://registry.npm.taobao.org/websocket/download/websocket-1.0.33.tgz#407f763fc58e74a3fa41ca3ae5d78d3f5e3b82a5"
  integrity sha1-QH92P8WOdKP6Qco65deNP147gqU=
  dependencies:
    bufferutil "^4.0.1"
    debug "^2.2.0"
    es5-ext "^0.10.50"
    typedarray-to-buffer "^3.1.5"
    utf-8-validate "^5.0.2"
    yaeti "^0.0.6"

xxhashjs@^0.2.2:
  version "0.2.2"
  resolved "https://registry.npm.taobao.org/xxhashjs/download/xxhashjs-0.2.2.tgz#8a6251567621a1c46a5ae204da0249c7f8caa9d8"
  integrity sha1-imJRVnYhocRqWuIE2gJJx/jKqdg=
  dependencies:
    cuint "^0.2.2"

yaeti@^0.0.6:
  version "0.0.6"
  resolved "https://registry.npm.taobao.org/yaeti/download/yaeti-0.0.6.tgz#f26f484d72684cf42bedfb76970aa1608fbf9577"
  integrity sha1-8m9ITXJoTPQr7ft2lwqhYI+/lXc=
