{
  "requires": true,
  "lockfileVersion": 1,
  "dependencies": {
    "@babel/runtime": {
      "version": "7.12.18",
      "resolved": "https://registry.npm.taobao.org/@babel/runtime/download/@babel/runtime-7.12.18.tgz?cache=0&sync_timestamp=1613665318348&other_urls=https%3A%2F%2Fregistry.npm.taobao.org%2F%40babel%2Fruntime%2Fdownload%2F%40babel%2Fruntime-7.12.18.tgz",
      "integrity": "sha1-rxN71+fZcFpBKzyq+ZH+aqqXgxs=",
      "requires": {
        "regenerator-runtime": "^0.13.4"
      }
    },
    "@polkadot/extension-dapp": {
      "version": "0.37.1",
      "resolved": "https://registry.npm.taobao.org/@polkadot/extension-dapp/download/@polkadot/extension-dapp-0.37.1.tgz",
      "integrity": "sha1-BPhY5CeIETpcbYaVNIqTNN6oGFs=",
      "requires": {
        "@babel/runtime": "^7.12.13",
        "@polkadot/extension-inject": "^0.37.1",
        "@polkadot/util": "^5.6.2",
        "@polkadot/util-crypto": "^5.6.2"
      }
    },
    "@polkadot/extension-inject": {
      "version": "0.37.1",
      "resolved": "https://registry.npm.taobao.org/@polkadot/extension-inject/download/@polkadot/extension-inject-0.37.1.tgz",
      "integrity": "sha1-RYgkkIY2a1oVBLtzZ6toSvE8Aik=",
      "requires": {
        "@babel/runtime": "^7.12.13"
      }
    },
    "@polkadot/networks": {
      "version": "5.7.1",
      "resolved": "https://registry.npm.taobao.org/@polkadot/networks/download/@polkadot/networks-5.7.1.tgz",
      "integrity": "sha1-VQY2xDyuMQsyzj0ACWg7mjXxkQ8=",
      "requires": {
        "@babel/runtime": "^7.12.13"
      }
    },
    "@polkadot/util": {
      "version": "5.7.1",
      "resolved": "https://registry.npm.taobao.org/@polkadot/util/download/@polkadot/util-5.7.1.tgz",
      "integrity": "sha1-+h2YBborNfVUNIX3uhbD2hyxw2g=",
      "requires": {
        "@babel/runtime": "^7.12.13",
        "@polkadot/x-textdecoder": "5.7.1",
        "@polkadot/x-textencoder": "5.7.1",
        "@types/bn.js": "^4.11.6",
        "bn.js": "^4.11.9",
        "camelcase": "^5.3.1",
        "ip-regex": "^4.3.0"
      }
    },
    "@polkadot/util-crypto": {
      "version": "5.7.1",
      "resolved": "https://registry.npm.taobao.org/@polkadot/util-crypto/download/@polkadot/util-crypto-5.7.1.tgz",
      "integrity": "sha1-+WdxxKd1Z2/RIrjAUpV0pAvNSzE=",
      "requires": {
        "@babel/runtime": "^7.12.13",
        "@polkadot/networks": "5.7.1",
        "@polkadot/util": "5.7.1",
        "@polkadot/wasm-crypto": "^3.2.3",
        "@polkadot/x-randomvalues": "5.7.1",
        "base-x": "^3.0.8",
        "blakejs": "^1.1.0",
        "bn.js": "^4.11.9",
        "create-hash": "^1.2.0",
        "elliptic": "^6.5.4",
        "hash.js": "^1.1.7",
        "js-sha3": "^0.8.0",
        "scryptsy": "^2.1.0",
        "tweetnacl": "^1.0.3",
        "xxhashjs": "^0.2.2"
      }
    },
    "@polkadot/wasm-crypto": {
      "version": "3.2.3",
      "resolved": "https://registry.npm.taobao.org/@polkadot/wasm-crypto/download/@polkadot/wasm-crypto-3.2.3.tgz",
      "integrity": "sha1-+pgjmEfaVrV0gnz7X5QGRaf7Vng=",
      "requires": {
        "@babel/runtime": "^7.12.13",
        "@polkadot/wasm-crypto-asmjs": "^3.2.3",
        "@polkadot/wasm-crypto-wasm": "^3.2.3"
      }
    },
    "@polkadot/wasm-crypto-asmjs": {
      "version": "3.2.3",
      "resolved": "https://registry.npm.taobao.org/@polkadot/wasm-crypto-asmjs/download/@polkadot/wasm-crypto-asmjs-3.2.3.tgz",
      "integrity": "sha1-4hTyP3fIVggeuZdjDFYx1LaRVf0=",
      "requires": {
        "@babel/runtime": "^7.12.13"
      }
    },
    "@polkadot/wasm-crypto-wasm": {
      "version": "3.2.3",
      "resolved": "https://registry.npm.taobao.org/@polkadot/wasm-crypto-wasm/download/@polkadot/wasm-crypto-wasm-3.2.3.tgz",
      "integrity": "sha1-SKzm5S5OiCiwypxS3mnN+KjT3xk=",
      "requires": {
        "@babel/runtime": "^7.12.13"
      }
    },
    "@polkadot/x-global": {
      "version": "5.7.1",
      "resolved": "https://registry.npm.taobao.org/@polkadot/x-global/download/@polkadot/x-global-5.7.1.tgz",
      "integrity": "sha1-BLuMqATms0AP971W7X8ewQfd6YE=",
      "requires": {
        "@babel/runtime": "^7.12.13",
        "@types/node-fetch": "^2.5.8",
        "node-fetch": "^2.6.1"
      }
    },
    "@polkadot/x-randomvalues": {
      "version": "5.7.1",
      "resolved": "https://registry.npm.taobao.org/@polkadot/x-randomvalues/download/@polkadot/x-randomvalues-5.7.1.tgz",
      "integrity": "sha1-X+KxhoYU0rbmBxK2n7+YXeKra+4=",
      "requires": {
        "@babel/runtime": "^7.12.13",
        "@polkadot/x-global": "5.7.1"
      }
    },
    "@polkadot/x-textdecoder": {
      "version": "5.7.1",
      "resolved": "https://registry.npm.taobao.org/@polkadot/x-textdecoder/download/@polkadot/x-textdecoder-5.7.1.tgz",
      "integrity": "sha1-BLRk5yQW1UF/Tds2sy5iaJvqxbg=",
      "requires": {
        "@babel/runtime": "^7.12.13",
        "@polkadot/x-global": "5.7.1"
      }
    },
    "@polkadot/x-textencoder": {
      "version": "5.7.1",
      "resolved": "https://registry.npm.taobao.org/@polkadot/x-textencoder/download/@polkadot/x-textencoder-5.7.1.tgz",
      "integrity": "sha1-chu2pnYcotQl8vE32c3dbR0vg04=",
      "requires": {
        "@babel/runtime": "^7.12.13",
        "@polkadot/x-global": "5.7.1"
      }
    },
    "@types/bn.js": {
      "version": "4.11.6",
      "resolved": "https://registry.npm.taobao.org/@types/bn.js/download/@types/bn.js-4.11.6.tgz",
      "integrity": "sha1-wwbHDZNYquozzU7aCSp0K5UFlnw=",
      "requires": {
        "@types/node": "*"
      }
    },
    "@types/node": {
      "version": "14.14.31",
      "resolved": "https://registry.npm.taobao.org/@types/node/download/@types/node-14.14.31.tgz?cache=0&sync_timestamp=1613758114120&other_urls=https%3A%2F%2Fregistry.npm.taobao.org%2F%40types%2Fnode%2Fdownload%2F%40types%2Fnode-14.14.31.tgz",
      "integrity": "sha1-cihr0z0TeqDRUtR+x8F2JWPTQFU="
    },
    "@types/node-fetch": {
      "version": "2.5.8",
      "resolved": "https://registry.npm.taobao.org/@types/node-fetch/download/@types/node-fetch-2.5.8.tgz",
      "integrity": "sha1-4ZnINdI0x+sIRvZhgBLlWFRO4vs=",
      "requires": {
        "@types/node": "*",
        "form-data": "^3.0.0"
      }
    },
    "asynckit": {
      "version": "0.4.0",
      "resolved": "https://registry.npm.taobao.org/asynckit/download/asynckit-0.4.0.tgz",
      "integrity": "sha1-x57Zf380y48robyXkLzDZkdLS3k="
    },
    "base-x": {
      "version": "3.0.8",
      "resolved": "https://registry.npm.taobao.org/base-x/download/base-x-3.0.8.tgz",
      "integrity": "sha1-HhEGwlN/AWLotSR0pVfrsJAAAY0=",
      "requires": {
        "safe-buffer": "^5.0.1"
      }
    },
    "blakejs": {
      "version": "1.1.0",
      "resolved": "https://registry.npm.taobao.org/blakejs/download/blakejs-1.1.0.tgz",
      "integrity": "sha1-ad+S75U6qIylGjLfarHFShVfx6U="
    },
    "bn.js": {
      "version": "4.11.9",
      "resolved": "https://registry.npm.taobao.org/bn.js/download/bn.js-4.11.9.tgz",
      "integrity": "sha1-JtVWgpRY+dHoH8SJUkk9C6NQeCg="
    },
    "brorand": {
      "version": "1.1.0",
      "resolved": "https://registry.npm.taobao.org/brorand/download/brorand-1.1.0.tgz",
      "integrity": "sha1-EsJe/kCkXjwyPrhnWgoM5XsiNx8="
    },
    "camelcase": {
      "version": "5.3.1",
      "resolved": "https://registry.npm.taobao.org/camelcase/download/camelcase-5.3.1.tgz",
      "integrity": "sha1-48mzFWnhBoEd8kL3FXJaH0xJQyA="
    },
    "cipher-base": {
      "version": "1.0.4",
      "resolved": "https://registry.npm.taobao.org/cipher-base/download/cipher-base-1.0.4.tgz",
      "integrity": "sha1-h2Dk7MJy9MNjUy+SbYdKriwTl94=",
      "requires": {
        "inherits": "^2.0.1",
        "safe-buffer": "^5.0.1"
      }
    },
    "combined-stream": {
      "version": "1.0.8",
      "resolved": "https://registry.npm.taobao.org/combined-stream/download/combined-stream-1.0.8.tgz",
      "integrity": "sha1-w9RaizT9cwYxoRCoolIGgrMdWn8=",
      "requires": {
        "delayed-stream": "~1.0.0"
      }
    },
    "create-hash": {
      "version": "1.2.0",
      "resolved": "https://registry.npm.taobao.org/create-hash/download/create-hash-1.2.0.tgz",
      "integrity": "sha1-iJB4rxGmN1a8+1m9IhmWvjqe8ZY=",
      "requires": {
        "cipher-base": "^1.0.1",
        "inherits": "^2.0.1",
        "md5.js": "^1.3.4",
        "ripemd160": "^2.0.1",
        "sha.js": "^2.4.0"
      }
    },
    "cuint": {
      "version": "0.2.2",
      "resolved": "https://registry.npm.taobao.org/cuint/download/cuint-0.2.2.tgz",
      "integrity": "sha1-QICG1AlVDCYxFVYZ6fp7ytw7mRs="
    },
    "delayed-stream": {
      "version": "1.0.0",
      "resolved": "https://registry.npm.taobao.org/delayed-stream/download/delayed-stream-1.0.0.tgz",
      "integrity": "sha1-3zrhmayt+31ECqrgsp4icrJOxhk="
    },
    "elliptic": {
      "version": "6.5.4",
      "resolved": "https://registry.npm.taobao.org/elliptic/download/elliptic-6.5.4.tgz?cache=0&sync_timestamp=1612290836352&other_urls=https%3A%2F%2Fregistry.npm.taobao.org%2Felliptic%2Fdownload%2Felliptic-6.5.4.tgz",
      "integrity": "sha1-2jfOvTHnmhNn6UG1ku0fvr1Yq7s=",
      "requires": {
        "bn.js": "^4.11.9",
        "brorand": "^1.1.0",
        "hash.js": "^1.0.0",
        "hmac-drbg": "^1.0.1",
        "inherits": "^2.0.4",
        "minimalistic-assert": "^1.0.1",
        "minimalistic-crypto-utils": "^1.0.1"
      }
    },
    "form-data": {
      "version": "3.0.1",
      "resolved": "https://registry.npm.taobao.org/form-data/download/form-data-3.0.1.tgz",
      "integrity": "sha1-69U3kbeDVqma+aMA1CgsTV65dV8=",
      "requires": {
        "asynckit": "^0.4.0",
        "combined-stream": "^1.0.8",
        "mime-types": "^2.1.12"
      }
    },
    "hash-base": {
      "version": "3.1.0",
      "resolved": "https://registry.npm.taobao.org/hash-base/download/hash-base-3.1.0.tgz",
      "integrity": "sha1-VcOB2eBuHSmXqIO0o/3f5/DTrzM=",
      "requires": {
        "inherits": "^2.0.4",
        "readable-stream": "^3.6.0",
        "safe-buffer": "^5.2.0"
      }
    },
    "hash.js": {
      "version": "1.1.7",
      "resolved": "https://registry.npm.taobao.org/hash.js/download/hash.js-1.1.7.tgz",
      "integrity": "sha1-C6vKU46NTuSg+JiNaIZlN6ADz0I=",
      "requires": {
        "inherits": "^2.0.3",
        "minimalistic-assert": "^1.0.1"
      }
    },
    "hmac-drbg": {
      "version": "1.0.1",
      "resolved": "https://registry.npm.taobao.org/hmac-drbg/download/hmac-drbg-1.0.1.tgz",
      "integrity": "sha1-0nRXAQJabHdabFRXk+1QL8DGSaE=",
      "requires": {
        "hash.js": "^1.0.3",
        "minimalistic-assert": "^1.0.0",
        "minimalistic-crypto-utils": "^1.0.1"
      }
    },
    "inherits": {
      "version": "2.0.4",
      "resolved": "https://registry.npm.taobao.org/inherits/download/inherits-2.0.4.tgz",
      "integrity": "sha1-D6LGT5MpF8NDOg3tVTY6rjdBa3w="
    },
    "ip-regex": {
      "version": "4.3.0",
      "resolved": "https://registry.npm.taobao.org/ip-regex/download/ip-regex-4.3.0.tgz",
      "integrity": "sha1-aHJ1qw9X+naXj/j03dyKI9WZDbU="
    },
    "js-sha3": {
      "version": "0.8.0",
      "resolved": "https://registry.npm.taobao.org/js-sha3/download/js-sha3-0.8.0.tgz",
      "integrity": "sha1-ubel2nOvrX3t0PjEY5VMveaBiEA="
    },
    "md5.js": {
      "version": "1.3.5",
      "resolved": "https://registry.npm.taobao.org/md5.js/download/md5.js-1.3.5.tgz",
      "integrity": "sha1-tdB7jjIW4+J81yjXL3DR5qNCAF8=",
      "requires": {
        "hash-base": "^3.0.0",
        "inherits": "^2.0.1",
        "safe-buffer": "^5.1.2"
      }
    },
    "mime-db": {
      "version": "1.46.0",
      "resolved": "https://registry.npm.taobao.org/mime-db/download/mime-db-1.46.0.tgz",
      "integrity": "sha1-Ymd0in95lZTePLyM3pHe80lmHO4="
    },
    "mime-types": {
      "version": "2.1.29",
      "resolved": "https://registry.npm.taobao.org/mime-types/download/mime-types-2.1.29.tgz?cache=0&sync_timestamp=1613608475804&other_urls=https%3A%2F%2Fregistry.npm.taobao.org%2Fmime-types%2Fdownload%2Fmime-types-2.1.29.tgz",
      "integrity": "sha1-HUq3faZLkfX3JInfKSNlY3VLsbI=",
      "requires": {
        "mime-db": "1.46.0"
      }
    },
    "minimalistic-assert": {
      "version": "1.0.1",
      "resolved": "https://registry.npm.taobao.org/minimalistic-assert/download/minimalistic-assert-1.0.1.tgz",
      "integrity": "sha1-LhlN4ERibUoQ5/f7wAznPoPk1cc="
    },
    "minimalistic-crypto-utils": {
      "version": "1.0.1",
      "resolved": "https://registry.npm.taobao.org/minimalistic-crypto-utils/download/minimalistic-crypto-utils-1.0.1.tgz",
      "integrity": "sha1-9sAMHAsIIkblxNmd+4x8CDsrWCo="
    },
    "node-fetch": {
      "version": "2.6.1",
      "resolved": "https://registry.npm.taobao.org/node-fetch/download/node-fetch-2.6.1.tgz",
      "integrity": "sha1-BFvTI2Mfdu0uK1VXM5RBa2OaAFI="
    },
    "readable-stream": {
      "version": "3.6.0",
      "resolved": "https://registry.npm.taobao.org/readable-stream/download/readable-stream-3.6.0.tgz",
      "integrity": "sha1-M3u9o63AcGvT4CRCaihtS0sskZg=",
      "requires": {
        "inherits": "^2.0.3",
        "string_decoder": "^1.1.1",
        "util-deprecate": "^1.0.1"
      }
    },
    "regenerator-runtime": {
      "version": "0.13.7",
      "resolved": "https://registry.npm.taobao.org/regenerator-runtime/download/regenerator-runtime-0.13.7.tgz",
      "integrity": "sha1-ysLazIoepnX+qrrriugziYrkb1U="
    },
    "ripemd160": {
      "version": "2.0.2",
      "resolved": "https://registry.npm.taobao.org/ripemd160/download/ripemd160-2.0.2.tgz",
      "integrity": "sha1-ocGm9iR1FXe6XQeRTLyShQWFiQw=",
      "requires": {
        "hash-base": "^3.0.0",
        "inherits": "^2.0.1"
      }
    },
    "safe-buffer": {
      "version": "5.2.1",
      "resolved": "https://registry.npm.taobao.org/safe-buffer/download/safe-buffer-5.2.1.tgz",
      "integrity": "sha1-Hq+fqb2x/dTsdfWPnNtOa3gn7sY="
    },
    "scryptsy": {
      "version": "2.1.0",
      "resolved": "https://registry.npm.taobao.org/scryptsy/download/scryptsy-2.1.0.tgz",
      "integrity": "sha1-jR6NDAJbWP3SW2+poNyQXuj6p5A="
    },
    "sha.js": {
      "version": "2.4.11",
      "resolved": "https://registry.npm.taobao.org/sha.js/download/sha.js-2.4.11.tgz",
      "integrity": "sha1-N6XPC4HsvGlD3hCbopYNGyZYSuc=",
      "requires": {
        "inherits": "^2.0.1",
        "safe-buffer": "^5.0.1"
      }
    },
    "string_decoder": {
      "version": "1.3.0",
      "resolved": "https://registry.npm.taobao.org/string_decoder/download/string_decoder-1.3.0.tgz",
      "integrity": "sha1-QvEUWUpGzxqOMLCoT1bHjD7awh4=",
      "requires": {
        "safe-buffer": "~5.2.0"
      }
    },
    "tweetnacl": {
      "version": "1.0.3",
      "resolved": "https://registry.npm.taobao.org/tweetnacl/download/tweetnacl-1.0.3.tgz",
      "integrity": "sha1-rAr3FoBFjYpjeNDQ0FCrFAfTVZY="
    },
    "util-deprecate": {
      "version": "1.0.2",
      "resolved": "https://registry.npm.taobao.org/util-deprecate/download/util-deprecate-1.0.2.tgz",
      "integrity": "sha1-RQ1Nyfpw3nMnYvvS1KKJgUGaDM8="
    },
    "xxhashjs": {
      "version": "0.2.2",
      "resolved": "https://registry.npm.taobao.org/xxhashjs/download/xxhashjs-0.2.2.tgz",
      "integrity": "sha1-imJRVnYhocRqWuIE2gJJx/jKqdg=",
      "requires": {
        "cuint": "^0.2.2"
      }
    }
  }
}
